// !$*UTF8*$!
{
	archiveVersion = 1;
	classes = {
	};
	objectVersion = 56;
	objects = {

/* Begin PBXBuildFile section */
		C5CB2A282A212EE0003A149A /* AppDelegate.swift in Sources */ = {isa = PBXBuildFile; fileRef = C5CB2A272A212EE0003A149A /* AppDelegate.swift */; };
		C5CB2A2A2A212EE0003A149A /* SceneDelegate.swift in Sources */ = {isa = PBXBuildFile; fileRef = C5CB2A292A212EE0003A149A /* SceneDelegate.swift */; };
		C5CB2A2C2A212EE0003A149A /* ViewController.swift in Sources */ = {isa = PBXBuildFile; fileRef = C5CB2A2B2A212EE0003A149A /* ViewController.swift */; };
		C5CB2A2F2A212EE0003A149A /* Main.storyboard in Resources */ = {isa = PBXBuildFile; fileRef = C5CB2A2D2A212EE0003A149A /* Main.storyboard */; };
		C5CB2A312A212EE1003A149A /* Assets.xcassets in Resources */ = {isa = PBXBuildFile; fileRef = C5CB2A302A212EE1003A149A /* Assets.xcassets */; };
		C5CB2A342A212EE1003A149A /* LaunchScreen.storyboard in Resources */ = {isa = PBXBuildFile; fileRef = C5CB2A322A212EE1003A149A /* LaunchScreen.storyboard */; };
		C5CB2A5C2A2153C1003A149A /* PopUpController.swift in Sources */ = {isa = PBXBuildFile; fileRef = C5CB2A5B2A2153C1003A149A /* PopUpController.swift */; };
		C5CB2A5E2A22152D003A149A /* GameController.swift in Sources */ = {isa = PBXBuildFile; fileRef = C5CB2A5D2A22152D003A149A /* GameController.swift */; };
		C5CB2A602A22ABD2003A149A /* ScoreController.swift in Sources */ = {isa = PBXBuildFile; fileRef = C5CB2A5F2A22ABD2003A149A /* ScoreController.swift */; };
		C5CB2A622A23C91C003A149A /* ResultDelegate.swift in Sources */ = {isa = PBXBuildFile; fileRef = C5CB2A612A23C91C003A149A /* ResultDelegate.swift */; };
/* End PBXBuildFile section */

/* Begin PBXContainerItemProxy section */
		C5CB2A3B2A212EE1003A149A /* PBXContainerItemProxy */ = {
			isa = PBXContainerItemProxy;
			containerPortal = C5CB2A1C2A212EE0003A149A /* Project object */;
			proxyType = 1;
			remoteGlobalIDString = C5CB2A232A212EE0003A149A;
			remoteInfo = CardGame;
		};
		C5CB2A452A212EE1003A149A /* PBXContainerItemProxy */ = {
			isa = PBXContainerItemProxy;
			containerPortal = C5CB2A1C2A212EE0003A149A /* Project object */;
			proxyType = 1;
			remoteGlobalIDString = C5CB2A232A212EE0003A149A;
			remoteInfo = CardGame;
		};
/* End PBXContainerItemProxy section */

/* Begin PBXFileReference section */
		C5CB2A242A212EE0003A149A /* CardGame.app */ = {isa = PBXFileReference; explicitFileType = wrapper.application; includeInIndex = 0; path = CardGame.app; sourceTree = BUILT_PRODUCTS_DIR; };
		C5CB2A272A212EE0003A149A /* AppDelegate.swift */ = {isa = PBXFileReference; lastKnownFileType = sourcecode.swift; path = AppDelegate.swift; sourceTree = "<group>"; };
		C5CB2A292A212EE0003A149A /* SceneDelegate.swift */ = {isa = PBXFileReference; lastKnownFileType = sourcecode.swift; path = SceneDelegate.swift; sourceTree = "<group>"; };
		C5CB2A2B2A212EE0003A149A /* ViewController.swift */ = {isa = PBXFileReference; lastKnownFileType = sourcecode.swift; path = ViewController.swift; sourceTree = "<group>"; };
		C5CB2A2E2A212EE0003A149A /* Base */ = {isa = PBXFileReference; lastKnownFileType = file.storyboard; name = Base; path = Base.lproj/Main.storyboard; sourceTree = "<group>"; };
		C5CB2A302A212EE1003A149A /* Assets.xcassets */ = {isa = PBXFileReference; lastKnownFileType = folder.assetcatalog; path = Assets.xcassets; sourceTree = "<group>"; };
		C5CB2A332A212EE1003A149A /* Base */ = {isa = PBXFileReference; lastKnownFileType = file.storyboard; name = Base; path = Base.lproj/LaunchScreen.storyboard; sourceTree = "<group>"; };
		C5CB2A352A212EE1003A149A /* Info.plist */ = {isa = PBXFileReference; lastKnownFileType = text.plist.xml; path = Info.plist; sourceTree = "<group>"; };
		C5CB2A3A2A212EE1003A149A /* CardGameTests.xctest */ = {isa = PBXFileReference; explicitFileType = wrapper.cfbundle; includeInIndex = 0; path = CardGameTests.xctest; sourceTree = BUILT_PRODUCTS_DIR; };
		C5CB2A442A212EE1003A149A /* CardGameUITests.xctest */ = {isa = PBXFileReference; explicitFileType = wrapper.cfbundle; includeInIndex = 0; path = CardGameUITests.xctest; sourceTree = BUILT_PRODUCTS_DIR; };
		C5CB2A5B2A2153C1003A149A /* PopUpController.swift */ = {isa = PBXFileReference; lastKnownFileType = sourcecode.swift; path = PopUpController.swift; sourceTree = "<group>"; };
		C5CB2A5D2A22152D003A149A /* GameController.swift */ = {isa = PBXFileReference; lastKnownFileType = sourcecode.swift; path = GameController.swift; sourceTree = "<group>"; };
		C5CB2A5F2A22ABD2003A149A /* ScoreController.swift */ = {isa = PBXFileReference; lastKnownFileType = sourcecode.swift; path = ScoreController.swift; sourceTree = "<group>"; };
		C5CB2A612A23C91C003A149A /* ResultDelegate.swift */ = {isa = PBXFileReference; lastKnownFileType = sourcecode.swift; path = ResultDelegate.swift; sourceTree = "<group>"; };
/* End PBXFileReference section */

/* Begin PBXFrameworksBuildPhase section */
		C5CB2A212A212EE0003A149A /* Frameworks */ = {
			isa = PBXFrameworksBuildPhase;
			buildActionMask = 2147483647;
			files = (
			);
			runOnlyForDeploymentPostprocessing = 0;
		};
		C5CB2A372A212EE1003A149A /* Frameworks */ = {
			isa = PBXFrameworksBuildPhase;
			buildActionMask = 2147483647;
			files = (
			);
			runOnlyForDeploymentPostprocessing = 0;
		};
		C5CB2A412A212EE1003A149A /* Frameworks */ = {
			isa = PBXFrameworksBuildPhase;
			buildActionMask = 2147483647;
			files = (
			);
			runOnlyForDeploymentPostprocessing = 0;
		};
/* End PBXFrameworksBuildPhase section */

/* Begin PBXGroup section */
		C5CB2A1B2A212EE0003A149A = {
			isa = PBXGroup;
			children = (
				C5CB2A262A212EE0003A149A /* CardGame */,
				C5CB2A252A212EE0003A149A /* Products */,
			);
			sourceTree = "<group>";
		};
		C5CB2A252A212EE0003A149A /* Products */ = {
			isa = PBXGroup;
			children = (
				C5CB2A242A212EE0003A149A /* CardGame.app */,
				C5CB2A3A2A212EE1003A149A /* CardGameTests.xctest */,
				C5CB2A442A212EE1003A149A /* CardGameUITests.xctest */,
			);
			name = Products;
			sourceTree = "<group>";
		};
		C5CB2A262A212EE0003A149A /* CardGame */ = {
			isa = PBXGroup;
			children = (
				C5CB2A272A212EE0003A149A /* AppDelegate.swift */,
				C5CB2A292A212EE0003A149A /* SceneDelegate.swift */,
				C5CB2A2B2A212EE0003A149A /* ViewController.swift */,
				C5CB2A5B2A2153C1003A149A /* PopUpController.swift */,
				C5CB2A2D2A212EE0003A149A /* Main.storyboard */,
				C5CB2A302A212EE1003A149A /* Assets.xcassets */,
				C5CB2A322A212EE1003A149A /* LaunchScreen.storyboard */,
				C5CB2A352A212EE1003A149A /* Info.plist */,
				C5CB2A5D2A22152D003A149A /* GameController.swift */,
				C5CB2A5F2A22ABD2003A149A /* ScoreController.swift */,
				C5CB2A612A23C91C003A149A /* ResultDelegate.swift */,
			);
			path = CardGame;
			sourceTree = "<group>";
		};
/* End PBXGroup section */

/* Begin PBXNativeTarget section */
		C5CB2A232A212EE0003A149A /* CardGame */ = {
			isa = PBXNativeTarget;
			buildConfigurationList = C5CB2A4E2A212EE1003A149A /* Build configuration list for PBXNativeTarget "CardGame" */;
			buildPhases = (
				C5CB2A202A212EE0003A149A /* Sources */,
				C5CB2A212A212EE0003A149A /* Frameworks */,
				C5CB2A222A212EE0003A149A /* Resources */,
			);
			buildRules = (
			);
			dependencies = (
			);
			name = CardGame;
			productName = CardGame;
			productReference = C5CB2A242A212EE0003A149A /* CardGame.app */;
			productType = "com.apple.product-type.application";
		};
		C5CB2A392A212EE1003A149A /* CardGameTests */ = {
			isa = PBXNativeTarget;
			buildConfigurationList = C5CB2A512A212EE1003A149A /* Build configuration list for PBXNativeTarget "CardGameTests" */;
			buildPhases = (
				C5CB2A362A212EE1003A149A /* Sources */,
				C5CB2A372A212EE1003A149A /* Frameworks */,
				C5CB2A382A212EE1003A149A /* Resources */,
			);
			buildRules = (
			);
			dependencies = (
				C5CB2A3C2A212EE1003A149A /* PBXTargetDependency */,
			);
			name = CardGameTests;
			productName = CardGameTests;
			productReference = C5CB2A3A2A212EE1003A149A /* CardGameTests.xctest */;
			productType = "com.apple.product-type.bundle.unit-test";
		};
		C5CB2A432A212EE1003A149A /* CardGameUITests */ = {
			isa = PBXNativeTarget;
			buildConfigurationList = C5CB2A542A212EE1003A149A /* Build configuration list for PBXNativeTarget "CardGameUITests" */;
			buildPhases = (
				C5CB2A402A212EE1003A149A /* Sources */,
				C5CB2A412A212EE1003A149A /* Frameworks */,
				C5CB2A422A212EE1003A149A /* Resources */,
			);
			buildRules = (
			);
			dependencies = (
				C5CB2A462A212EE1003A149A /* PBXTargetDependency */,
			);
			name = CardGameUITests;
			productName = CardGameUITests;
			productReference = C5CB2A442A212EE1003A149A /* CardGameUITests.xctest */;
			productType = "com.apple.product-type.bundle.ui-testing";
		};
/* End PBXNativeTarget section */

/* Begin PBXProject section */
		C5CB2A1C2A212EE0003A149A /* Project object */ = {
			isa = PBXProject;
			attributes = {
				BuildIndependentTargetsInParallel = 1;
				LastSwiftUpdateCheck = 1430;
				LastUpgradeCheck = 1430;
				TargetAttributes = {
					C5CB2A232A212EE0003A149A = {
						CreatedOnToolsVersion = 14.3;
					};
					C5CB2A392A212EE1003A149A = {
						CreatedOnToolsVersion = 14.3;
						TestTargetID = C5CB2A232A212EE0003A149A;
					};
					C5CB2A432A212EE1003A149A = {
						CreatedOnToolsVersion = 14.3;
						TestTargetID = C5CB2A232A212EE0003A149A;
					};
				};
			};
			buildConfigurationList = C5CB2A1F2A212EE0003A149A /* Build configuration list for PBXProject "CardGame" */;
			compatibilityVersion = "Xcode 14.0";
			developmentRegion = en;
			hasScannedForEncodings = 0;
			knownRegions = (
				en,
				Base,
			);
			mainGroup = C5CB2A1B2A212EE0003A149A;
			productRefGroup = C5CB2A252A212EE0003A149A /* Products */;
			projectDirPath = "";
			projectRoot = "";
			targets = (
				C5CB2A232A212EE0003A149A /* CardGame */,
				C5CB2A392A212EE1003A149A /* CardGameTests */,
				C5CB2A432A212EE1003A149A /* CardGameUITests */,
			);
		};
/* End PBXProject section */

/* Begin PBXResourcesBuildPhase section */
		C5CB2A222A212EE0003A149A /* Resources */ = {
			isa = PBXResourcesBuildPhase;
			buildActionMask = 2147483647;
			files = (
				C5CB2A342A212EE1003A149A /* LaunchScreen.storyboard in Resources */,
				C5CB2A312A212EE1003A149A /* Assets.xcassets in Resources */,
				C5CB2A2F2A212EE0003A149A /* Main.storyboard in Resources */,
			);
			runOnlyForDeploymentPostprocessing = 0;
		};
		C5CB2A382A212EE1003A149A /* Resources */ = {
			isa = PBXResourcesBuildPhase;
			buildActionMask = 2147483647;
			files = (
			);
			runOnlyForDeploymentPostprocessing = 0;
		};
		C5CB2A422A212EE1003A149A /* Resources */ = {
			isa = PBXResourcesBuildPhase;
			buildActionMask = 2147483647;
			files = (
			);
			runOnlyForDeploymentPostprocessing = 0;
		};
/* End PBXResourcesBuildPhase section */

/* Begin PBXSourcesBuildPhase section */
		C5CB2A202A212EE0003A149A /* Sources */ = {
			isa = PBXSourcesBuildPhase;
			buildActionMask = 2147483647;
			files = (
				C5CB2A5C2A2153C1003A149A /* PopUpController.swift in Sources */,
				C5CB2A5E2A22152D003A149A /* GameController.swift in Sources */,
				C5CB2A602A22ABD2003A149A /* ScoreController.swift in Sources */,
				C5CB2A622A23C91C003A149A /* ResultDelegate.swift in Sources */,
				C5CB2A2C2A212EE0003A149A /* ViewController.swift in Sources */,
				C5CB2A282A212EE0003A149A /* AppDelegate.swift in Sources */,
				C5CB2A2A2A212EE0003A149A /* SceneDelegate.swift in Sources */,
			);
			runOnlyForDeploymentPostprocessing = 0;
		};
		C5CB2A362A212EE1003A149A /* Sources */ = {
			isa = PBXSourcesBuildPhase;
			buildActionMask = 2147483647;
			files = (
			);
			runOnlyForDeploymentPostprocessing = 0;
		};
		C5CB2A402A212EE1003A149A /* Sources */ = {
			isa = PBXSourcesBuildPhase;
			buildActionMask = 2147483647;
			files = (
			);
			runOnlyForDeploymentPostprocessing = 0;
		};
/* End PBXSourcesBuildPhase section */

/* Begin PBXTargetDependency section */
		C5CB2A3C2A212EE1003A149A /* PBXTargetDependency */ = {
			isa = PBXTargetDependency;
			target = C5CB2A232A212EE0003A149A /* CardGame */;
			targetProxy = C5CB2A3B2A212EE1003A149A /* PBXContainerItemProxy */;
		};
		C5CB2A462A212EE1003A149A /* PBXTargetDependency */ = {
			isa = PBXTargetDependency;
			target = C5CB2A232A212EE0003A149A /* CardGame */;
			targetProxy = C5CB2A452A212EE1003A149A /* PBXContainerItemProxy */;
		};
/* End PBXTargetDependency section */

/* Begin PBXVariantGroup section */
		C5CB2A2D2A212EE0003A149A /* Main.storyboard */ = {
			isa = PBXVariantGroup;
			children = (
				C5CB2A2E2A212EE0003A149A /* Base */,
			);
			name = Main.storyboard;
			sourceTree = "<group>";
		};
		C5CB2A322A212EE1003A149A /* LaunchScreen.storyboard */ = {
			isa = PBXVariantGroup;
			children = (
				C5CB2A332A212EE1003A149A /* Base */,
			);
			name = LaunchScreen.storyboard;
			sourceTree = "<group>";
		};
/* End PBXVariantGroup section */

/* Begin XCBuildConfiguration section */
		C5CB2A4C2A212EE1003A149A /* Debug */ = {
			isa = XCBuildConfiguration;
			buildSettings = {
				ALWAYS_SEARCH_USER_PATHS = NO;
				CLANG_ANALYZER_NONNULL = YES;
				CLANG_ANALYZER_NUMBER_OBJECT_CONVERSION = YES_AGGRESSIVE;
				CLANG_CXX_LANGUAGE_STANDARD = "gnu++20";
				CLANG_ENABLE_MODULES = YES;
				CLANG_ENABLE_OBJC_ARC = YES;
				CLANG_ENABLE_OBJC_WEAK = YES;
				CLANG_WARN_BLOCK_CAPTURE_AUTORELEASING = YES;
				CLANG_WARN_BOOL_CONVERSION = YES;
				CLANG_WARN_COMMA = YES;
				CLANG_WARN_CONSTANT_CONVERSION = YES;
				CLANG_WARN_DEPRECATED_OBJC_IMPLEMENTATIONS = YES;
				CLANG_WARN_DIRECT_OBJC_ISA_USAGE = YES_ERROR;
				CLANG_WARN_DOCUMENTATION_COMMENTS = YES;
				CLANG_WARN_EMPTY_BODY = YES;
				CLANG_WARN_ENUM_CONVERSION = YES;
				CLANG_WARN_INFINITE_RECURSION = YES;
				CLANG_WARN_INT_CONVERSION = YES;
				CLANG_WARN_NON_LITERAL_NULL_CONVERSION = YES;
				CLANG_WARN_OBJC_IMPLICIT_RETAIN_SELF = YES;
				CLANG_WARN_OBJC_LITERAL_CONVERSION = YES;
				CLANG_WARN_OBJC_ROOT_CLASS = YES_ERROR;
				CLANG_WARN_QUOTED_INCLUDE_IN_FRAMEWORK_HEADER = YES;
				CLANG_WARN_RANGE_LOOP_ANALYSIS = YES;
				CLANG_WARN_STRICT_PROTOTYPES = YES;
				CLANG_WARN_SUSPICIOUS_MOVE = YES;
				CLANG_WARN_UNGUARDED_AVAILABILITY = YES_AGGRESSIVE;
				CLANG_WARN_UNREACHABLE_CODE = YES;
				CLANG_WARN__DUPLICATE_METHOD_MATCH = YES;
				COPY_PHASE_STRIP = NO;
				DEBUG_INFORMATION_FORMAT = dwarf;
				ENABLE_STRICT_OBJC_MSGSEND = YES;
				ENABLE_TESTABILITY = YES;
				GCC_C_LANGUAGE_STANDARD = gnu11;
				GCC_DYNAMIC_NO_PIC = NO;
				GCC_NO_COMMON_BLOCKS = YES;
				GCC_OPTIMIZATION_LEVEL = 0;
				GCC_PREPROCESSOR_DEFINITIONS = (
					"DEBUG=1",
					"$(inherited)",
				);
				GCC_WARN_64_TO_32_BIT_CONVERSION = YES;
				GCC_WARN_ABOUT_RETURN_TYPE = YES_ERROR;
				GCC_WARN_UNDECLARED_SELECTOR = YES;
				GCC_WARN_UNINITIALIZED_AUTOS = YES_AGGRESSIVE;
				GCC_WARN_UNUSED_FUNCTION = YES;
				GCC_WARN_UNUSED_VARIABLE = YES;
				IPHONEOS_DEPLOYMENT_TARGET = 16.4;
				MTL_ENABLE_DEBUG_INFO = INCLUDE_SOURCE;
				MTL_FAST_MATH = YES;
				ONLY_ACTIVE_ARCH = YES;
				SDKROOT = iphoneos;
				SWIFT_ACTIVE_COMPILATION_CONDITIONS = DEBUG;
				SWIFT_OPTIMIZATION_LEVEL = "-Onone";
			};
			name = Debug;
		};
		C5CB2A4D2A212EE1003A149A /* Release */ = {
			isa = XCBuildConfiguration;
			buildSettings = {
				ALWAYS_SEARCH_USER_PATHS = NO;
				CLANG_ANALYZER_NONNULL = YES;
				CLANG_ANALYZER_NUMBER_OBJECT_CONVERSION = YES_AGGRESSIVE;
				CLANG_CXX_LANGUAGE_STANDARD = "gnu++20";
				CLANG_ENABLE_MODULES = YES;
				CLANG_ENABLE_OBJC_ARC = YES;
				CLANG_ENABLE_OBJC_WEAK = YES;
				CLANG_WARN_BLOCK_CAPTURE_AUTORELEASING = YES;
				CLANG_WARN_BOOL_CONVERSION = YES;
				CLANG_WARN_COMMA = YES;
				CLANG_WARN_CONSTANT_CONVERSION = YES;
				CLANG_WARN_DEPRECATED_OBJC_IMPLEMENTATIONS = YES;
				CLANG_WARN_DIRECT_OBJC_ISA_USAGE = YES_ERROR;
				CLANG_WARN_DOCUMENTATION_COMMENTS = YES;
				CLANG_WARN_EMPTY_BODY = YES;
				CLANG_WARN_ENUM_CONVERSION = YES;
				CLANG_WARN_INFINITE_RECURSION = YES;
				CLANG_WARN_INT_CONVERSION = YES;
				CLANG_WARN_NON_LITERAL_NULL_CONVERSION = YES;
				CLANG_WARN_OBJC_IMPLICIT_RETAIN_SELF = YES;
				CLANG_WARN_OBJC_LITERAL_CONVERSION = YES;
				CLANG_WARN_OBJC_ROOT_CLASS = YES_ERROR;
				CLANG_WARN_QUOTED_INCLUDE_IN_FRAMEWORK_HEADER = YES;
				CLANG_WARN_RANGE_LOOP_ANALYSIS = YES;
				CLANG_WARN_STRICT_PROTOTYPES = YES;
				CLANG_WARN_SUSPICIOUS_MOVE = YES;
				CLANG_WARN_UNGUARDED_AVAILABILITY = YES_AGGRESSIVE;
				CLANG_WARN_UNREACHABLE_CODE = YES;
				CLANG_WARN__DUPLICATE_METHOD_MATCH = YES;
				COPY_PHASE_STRIP = NO;
				DEBUG_INFORMATION_FORMAT = "dwarf-with-dsym";
				ENABLE_NS_ASSERTIONS = NO;
				ENABLE_STRICT_OBJC_MSGSEND = YES;
				GCC_C_LANGUAGE_STANDARD = gnu11;
				GCC_NO_COMMON_BLOCKS = YES;
				GCC_WARN_64_TO_32_BIT_CONVERSION = YES;
				GCC_WARN_ABOUT_RETURN_TYPE = YES_ERROR;
				GCC_WARN_UNDECLARED_SELECTOR = YES;
				GCC_WARN_UNINITIALIZED_AUTOS = YES_AGGRESSIVE;
				GCC_WARN_UNUSED_FUNCTION = YES;
				GCC_WARN_UNUSED_VARIABLE = YES;
				IPHONEOS_DEPLOYMENT_TARGET = 16.4;
				MTL_ENABLE_DEBUG_INFO = NO;
				MTL_FAST_MATH = YES;
				SDKROOT = iphoneos;
				SWIFT_COMPILATION_MODE = wholemodule;
				SWIFT_OPTIMIZATION_LEVEL = "-O";
				VALIDATE_PRODUCT = YES;
			};
			name = Release;
		};
		C5CB2A4F2A212EE1003A149A /* Debug */ = {
			isa = XCBuildConfiguration;
			buildSettings = {
				ASSETCATALOG_COMPILER_APPICON_NAME = AppIcon;
				ASSETCATALOG_COMPILER_GLOBAL_ACCENT_COLOR_NAME = AccentColor;
				CODE_SIGN_STYLE = Automatic;
				CURRENT_PROJECT_VERSION = 1;
				GENERATE_INFOPLIST_FILE = YES;
				INFOPLIST_FILE = CardGame/Info.plist;
				INFOPLIST_KEY_UIApplicationSupportsIndirectInputEvents = YES;
				INFOPLIST_KEY_UILaunchStoryboardName = LaunchScreen;
				INFOPLIST_KEY_UIMainStoryboardFile = Main;
				INFOPLIST_KEY_UISupportedInterfaceOrientations_iPad = "UIInterfaceOrientationPortrait UIInterfaceOrientationPortraitUpsideDown UIInterfaceOrientationLandscapeLeft UIInterfaceOrientationLandscapeRight";
				INFOPLIST_KEY_UISupportedInterfaceOrientations_iPhone = "UIInterfaceOrientationPortrait UIInterfaceOrientationLandscapeLeft UIInterfaceOrientationLandscapeRight";
				IPHONEOS_DEPLOYMENT_TARGET = 16.0;
				LD_RUNPATH_SEARCH_PATHS = (
					"$(inherited)",
					"@executable_path/Frameworks",
				);
				MARKETING_VERSION = 1.0;
				PRODUCT_BUNDLE_IDENTIFIER = com.avivit.CardGame;
				PRODUCT_NAME = "$(TARGET_NAME)";
				SWIFT_EMIT_LOC_STRINGS = YES;
				SWIFT_VERSION = 5.0;
				TARGETED_DEVICE_FAMILY = "1,2";
			};
			name = Debug;
		};
		C5CB2A502A212EE1003A149A /* Release */ = {
			isa = XCBuildConfiguration;
			buildSettings = {
				ASSETCATALOG_COMPILER_APPICON_NAME = AppIcon;
				ASSETCATALOG_COMPILER_GLOBAL_ACCENT_COLOR_NAME = AccentColor;
				CODE_SIGN_STYLE = Automatic;
				CURRENT_PROJECT_VERSION = 1;
				GENERATE_INFOPLIST_FILE = YES;
				INFOPLIST_FILE = CardGame/Info.plist;
				INFOPLIST_KEY_UIApplicationSupportsIndirectInputEvents = YES;
				INFOPLIST_KEY_UILaunchStoryboardName = LaunchScreen;
				INFOPLIST_KEY_UIMainStoryboardFile = Main;
				INFOPLIST_KEY_UISupportedInterfaceOrientations_iPad = "UIInterfaceOrientationPortrait UIInterfaceOrientationPortraitUpsideDown UIInterfaceOrientationLandscapeLeft UIInterfaceOrientationLandscapeRight";
				INFOPLIST_KEY_UISupportedInterfaceOrientations_iPhone = "UIInterfaceOrientationPortrait UIInterfaceOrientationLandscapeLeft UIInterfaceOrientationLandscapeRight";
				IPHONEOS_DEPLOYMENT_TARGET = 16.0;
				LD_RUNPATH_SEARCH_PATHS = (
					"$(inherited)",
					"@executable_path/Frameworks",
				);
				MARKETING_VERSION = 1.0;
				PRODUCT_BUNDLE_IDENTIFIER = com.avivit.CardGame;
				PRODUCT_NAME = "$(TARGET_NAME)";
				SWIFT_EMIT_LOC_STRINGS = YES;
				SWIFT_VERSION = 5.0;
				TARGETED_DEVICE_FAMILY = "1,2";
			};
			name = Release;
		};
		C5CB2A522A212EE1003A149A /* Debug */ = {
			isa = XCBuildConfiguration;
			buildSettings = {
				ALWAYS_EMBED_SWIFT_STANDARD_LIBRARIES = YES;
				BUNDLE_LOADER = "$(TEST_HOST)";
				CODE_SIGN_STYLE = Automatic;
				CURRENT_PROJECT_VERSION = 1;
				GENERATE_INFOPLIST_FILE = YES;
				IPHONEOS_DEPLOYMENT_TARGET = 16.4;
				MARKETING_VERSION = 1.0;
				PRODUCT_BUNDLE_IDENTIFIER = com.avivit.CardGameTests;
				PRODUCT_NAME = "$(TARGET_NAME)";
				SWIFT_EMIT_LOC_STRINGS = NO;
				SWIFT_VERSION = 5.0;
				TARGETED_DEVICE_FAMILY = "1,2";
				TEST_HOST = "$(BUILT_PRODUCTS_DIR)/CardGame.app/$(BUNDLE_EXECUTABLE_FOLDER_PATH)/CardGame";
			};
			name = Debug;
		};
		C5CB2A532A212EE1003A149A /* Release */ = {
			isa = XCBuildConfiguration;
			buildSettings = {
				ALWAYS_EMBED_SWIFT_STANDARD_LIBRARIES = YES;
				BUNDLE_LOADER = "$(TEST_HOST)";
				CODE_SIGN_STYLE = Automatic;
				CURRENT_PROJECT_VERSION = 1;
				GENERATE_INFOPLIST_FILE = YES;
				IPHONEOS_DEPLOYMENT_TARGET = 16.4;
				MARKETING_VERSION = 1.0;
				PRODUCT_BUNDLE_IDENTIFIER = com.avivit.CardGameTests;
				PRODUCT_NAME = "$(TARGET_NAME)";
				SWIFT_EMIT_LOC_STRINGS = NO;
				SWIFT_VERSION = 5.0;
				TARGETED_DEVICE_FAMILY = "1,2";
				TEST_HOST = "$(BUILT_PRODUCTS_DIR)/CardGame.app/$(BUNDLE_EXECUTABLE_FOLDER_PATH)/CardGame";
			};
			name = Release;
		};
		C5CB2A552A212EE1003A149A /* Debug */ = {
			isa = XCBuildConfiguration;
			buildSettings = {
				ALWAYS_EMBED_SWIFT_STANDARD_LIBRARIES = YES;
				CODE_SIGN_STYLE = Automatic;
				CURRENT_PROJECT_VERSION = 1;
				GENERATE_INFOPLIST_FILE = YES;
				MARKETING_VERSION = 1.0;
				PRODUCT_BUNDLE_IDENTIFIER = com.avivit.CardGameUITests;
				PRODUCT_NAME = "$(TARGET_NAME)";
				SWIFT_EMIT_LOC_STRINGS = NO;
				SWIFT_VERSION = 5.0;
				TARGETED_DEVICE_FAMILY = "1,2";
				TEST_TARGET_NAME = CardGame;
			};
			name = Debug;
		};
		C5CB2A562A212EE1003A149A /* Release */ = {
			isa = XCBuildConfiguration;
			buildSettings = {
				ALWAYS_EMBED_SWIFT_STANDARD_LIBRARIES = YES;
				CODE_SIGN_STYLE = Automatic;
				CURRENT_PROJECT_VERSION = 1;
				GENERATE_INFOPLIST_FILE = YES;
				MARKETING_VERSION = 1.0;
				PRODUCT_BUNDLE_IDENTIFIER = com.avivit.CardGameUITests;
				PRODUCT_NAME = "$(TARGET_NAME)";
				SWIFT_EMIT_LOC_STRINGS = NO;
				SWIFT_VERSION = 5.0;
				TARGETED_DEVICE_FAMILY = "1,2";
				TEST_TARGET_NAME = CardGame;
			};
			name = Release;
		};
/* End XCBuildConfiguration section */

/* Begin XCConfigurationList section */
		C5CB2A1F2A212EE0003A149A /* Build configuration list for PBXProject "CardGame" */ = {
			isa = XCConfigurationList;
			buildConfigurations = (
				C5CB2A4C2A212EE1003A149A /* Debug */,
				C5CB2A4D2A212EE1003A149A /* Release */,
			);
			defaultConfigurationIsVisible = 0;
			defaultConfigurationName = Release;
		};
		C5CB2A4E2A212EE1003A149A /* Build configuration list for PBXNativeTarget "CardGame" */ = {
			isa = XCConfigurationList;
			buildConfigurations = (
				C5CB2A4F2A212EE1003A149A /* Debug */,
				C5CB2A502A212EE1003A149A /* Release */,
			);
			defaultConfigurationIsVisible = 0;
			defaultConfigurationName = Release;
		};
		C5CB2A512A212EE1003A149A /* Build configuration list for PBXNativeTarget "CardGameTests" */ = {
			isa = XCConfigurationList;
			buildConfigurations = (
				C5CB2A522A212EE1003A149A /* Debug */,
				C5CB2A532A212EE1003A149A /* Release */,
			);
			defaultConfigurationIsVisible = 0;
			defaultConfigurationName = Release;
		};
		C5CB2A542A212EE1003A149A /* Build configuration list for PBXNativeTarget "CardGameUITests" */ = {
			isa = XCConfigurationList;
			buildConfigurations = (
				C5CB2A552A212EE1003A149A /* Debug */,
				C5CB2A562A212EE1003A149A /* Release */,
			);
			defaultConfigurationIsVisible = 0;
			defaultConfigurationName = Release;
		};
/* End XCConfigurationList section */
	};
	rootObject = C5CB2A1C2A212EE0003A149A /* Project object */;
}
